<?xml version="1.0" encoding="utf-8"?>
<Project ToolsVersion="4.0" xmlns="http://schemas.microsoft.com/developer/msbuild/2003">
  <ItemGroup>
    <Filter Include="ヘッダー ファイル">
      <UniqueIdentifier>{93995380-89BD-4b04-88EB-625FBE52EBFB}</UniqueIdentifier>
      <Extensions>
      </Extensions>
    </Filter>
    <Filter Include="リソース ファイル">
      <UniqueIdentifier>{67DA6AB6-F800-4c08-8B7A-83BB121AAD01}</UniqueIdentifier>
      <Extensions>rc;ico;cur;bmp;dlg;rc2;rct;bin;rgs;gif;jpg;jpeg;jpe;resx;tiff;tif;png;wav;mfcribbon-ms</Extensions>
    </Filter>
    <Filter Include="Engine">
      <UniqueIdentifier>{cf6cf47c-ed60-4307-aa1b-f78a5781b3c0}</UniqueIdentifier>
    </Filter>
    <Filter Include="ソース ファイル">
      <UniqueIdentifier>{4FC737F1-C7A5-4376-A066-2A32D752A2FF}</UniqueIdentifier>
      <Extensions>
      </Extensions>
    </Filter>
    <Filter Include="sourses">
      <UniqueIdentifier>{f3a8b7e4-e764-4611-a526-e584481c409e}</UniqueIdentifier>
    </Filter>
  </ItemGroup>
  <ItemGroup>
    <ClInclude Include="Engine\Sprite.h">
      <Filter>Engine</Filter>
    </ClInclude>
    <ClInclude Include="Engine\Texture.h">
      <Filter>Engine</Filter>
    </ClInclude>
    <ClInclude Include="Engine\Transform.h">
      <Filter>Engine</Filter>
    </ClInclude>
    <ClInclude Include="Engine\Camera.h">
      <Filter>Engine</Filter>
    </ClInclude>
    <ClInclude Include="Engine\Direct3D.h">
      <Filter>Engine</Filter>
    </ClInclude>
    <ClInclude Include="Engine\Fbx.h">
      <Filter>Engine</Filter>
    </ClInclude>
    <ClInclude Include="Engine\Input.h">
      <Filter>Engine</Filter>
    </ClInclude>
    <ClInclude Include="Engine\Quad.h">
      <Filter>Engine</Filter>
    </ClInclude>
    <ClInclude Include="Engine\RootJob.h">
      <Filter>Engine</Filter>
    </ClInclude>
    <ClInclude Include="Engine\GameObject.h">
      <Filter>Engine</Filter>
    </ClInclude>
    <ClInclude Include="Engine\Model.h">
      <Filter>Engine</Filter>
    </ClInclude>
    <ClInclude Include="Engine\SceneManager.h">
      <Filter>Engine</Filter>
    </ClInclude>
    <ClInclude Include="Engine\SphereCollider.h">
      <Filter>Engine</Filter>
    </ClInclude>
    <ClInclude Include="Engine\Image.h">
      <Filter>Engine</Filter>
    </ClInclude>
    <ClInclude Include="Engine\Debug.h">
      <Filter>Engine</Filter>
    </ClInclude>
    <ClInclude Include="sources\ActorCollider.h">
      <Filter>sourses</Filter>
    </ClInclude>
    <ClInclude Include="sources\ActorInfo.h">
      <Filter>sourses</Filter>
    </ClInclude>
    <ClInclude Include="sources\areamodels.h">
      <Filter>sourses</Filter>
    </ClInclude>
    <ClInclude Include="sources\AttackRange.h">
      <Filter>sourses</Filter>
    </ClInclude>
    <ClInclude Include="sources\CollisionManager.h">
      <Filter>sourses</Filter>
    </ClInclude>
    <ClInclude Include="sources\DamageData.h">
      <Filter>sourses</Filter>
    </ClInclude>
    <ClInclude Include="sources\Decoy.h">
      <Filter>sourses</Filter>
    </ClInclude>
    <ClInclude Include="sources\EnemyBase.h">
      <Filter>sourses</Filter>
    </ClInclude>
    <ClInclude Include="sources\EnemyManager.h">
      <Filter>sourses</Filter>
    </ClInclude>
    <ClInclude Include="sources\EnemySpawner.h">
      <Filter>sourses</Filter>
    </ClInclude>
    <ClInclude Include="sources\EnemyType.h">
      <Filter>sourses</Filter>
    </ClInclude>
    <ClInclude Include="sources\GameActor.h">
      <Filter>sourses</Filter>
    </ClInclude>
    <ClInclude Include="sources\Ground.h">
      <Filter>sourses</Filter>
    </ClInclude>
    <ClInclude Include="sources\HPBar.h">
      <Filter>sourses</Filter>
    </ClInclude>
    <ClInclude Include="sources\ModeratorSequence.h">
      <Filter>sourses</Filter>
    </ClInclude>
    <ClInclude Include="sources\Player.h">
      <Filter>sourses</Filter>
    </ClInclude>
    <ClInclude Include="sources\PlayerSkillsInclude.h">
      <Filter>sourses</Filter>
    </ClInclude>
    <ClInclude Include="sources\PlayScene.h">
      <Filter>sourses</Filter>
    </ClInclude>
    <ClInclude Include="sources\SkillBase.h">
      <Filter>sourses</Filter>
    </ClInclude>
    <ClInclude Include="sources\testSkill.h">
      <Filter>sourses</Filter>
    </ClInclude>
    <ClInclude Include="sources\TitleScene.h">
      <Filter>sourses</Filter>
    </ClInclude>
    <ClInclude Include="sources\TestScene.h">
      <Filter>ソース ファイル</Filter>
    </ClInclude>
  </ItemGroup>
  <ItemGroup>
    <FxCompile Include="Assets\Resourses\Simple3D.hlsl" />
    <FxCompile Include="Assets\Resourses\Simple2D.hlsl" />
  </ItemGroup>
  <ItemGroup>
    <ClCompile Include="Engine\Sprite.cpp">
      <Filter>Engine</Filter>
    </ClCompile>
    <ClCompile Include="Engine\Texture.cpp">
      <Filter>Engine</Filter>
    </ClCompile>
    <ClCompile Include="Engine\Transform.cpp">
      <Filter>Engine</Filter>
    </ClCompile>
    <ClCompile Include="Engine\Camera.cpp">
      <Filter>Engine</Filter>
    </ClCompile>
    <ClCompile Include="Engine\Direct3D.cpp">
      <Filter>Engine</Filter>
    </ClCompile>
    <ClCompile Include="Engine\Fbx.cpp">
      <Filter>Engine</Filter>
    </ClCompile>
    <ClCompile Include="Engine\Input.cpp">
      <Filter>Engine</Filter>
    </ClCompile>
    <ClCompile Include="Engine\Quad.cpp">
      <Filter>Engine</Filter>
    </ClCompile>
    <ClCompile Include="Engine\RootJob.cpp">
      <Filter>Engine</Filter>
    </ClCompile>
    <ClCompile Include="Engine\GameObject.cpp">
      <Filter>Engine</Filter>
    </ClCompile>
    <ClCompile Include="Engine\global.h">
      <Filter>Engine</Filter>
    </ClCompile>
    <ClCompile Include="Engine\Model.cpp">
      <Filter>Engine</Filter>
    </ClCompile>
    <ClCompile Include="Engine\SceneManager.cpp">
      <Filter>Engine</Filter>
    </ClCompile>
    <ClCompile Include="Engine\SphereCollider.cpp">
      <Filter>Engine</Filter>
    </ClCompile>
    <ClCompile Include="Engine\Image.cpp">
      <Filter>Engine</Filter>
    </ClCompile>
    <ClCompile Include="Engine\Debug.cpp">
      <Filter>Engine</Filter>
    </ClCompile>
    <ClCompile Include="sources\ActorCollider.cpp">
      <Filter>sourses</Filter>
    </ClCompile>
    <ClCompile Include="sources\ActorInfo.cpp">
      <Filter>sourses</Filter>
    </ClCompile>
    <ClCompile Include="sources\areamodels.cpp">
      <Filter>sourses</Filter>
    </ClCompile>
    <ClCompile Include="sources\AttackRange.cpp">
      <Filter>sourses</Filter>
    </ClCompile>
    <ClCompile Include="sources\CollisionManager.cpp">
      <Filter>sourses</Filter>
    </ClCompile>
    <ClCompile Include="sources\Decoy.cpp">
      <Filter>sourses</Filter>
    </ClCompile>
    <ClCompile Include="sources\EnemyBase.cpp">
      <Filter>sourses</Filter>
    </ClCompile>
    <ClCompile Include="sources\EnemyManager.cpp">
      <Filter>sourses</Filter>
    </ClCompile>
    <ClCompile Include="sources\EnemySpawner.cpp">
      <Filter>sourses</Filter>
    </ClCompile>
    <ClCompile Include="sources\GameActor.cpp">
      <Filter>sourses</Filter>
    </ClCompile>
    <ClCompile Include="sources\Ground.cpp">
      <Filter>sourses</Filter>
    </ClCompile>
    <ClCompile Include="sources\HPBar.cpp">
      <Filter>sourses</Filter>
    </ClCompile>
    <ClCompile Include="sources\ModeratorSequence.cpp">
      <Filter>sourses</Filter>
    </ClCompile>
    <ClCompile Include="sources\Player.cpp">
      <Filter>sourses</Filter>
    </ClCompile>
    <ClCompile Include="sources\PlayScene.cpp">
      <Filter>sourses</Filter>
    </ClCompile>
    <ClCompile Include="sources\SkillBase.cpp">
      <Filter>sourses</Filter>
    </ClCompile>
    <ClCompile Include="sources\testSkill.cpp">
      <Filter>sourses</Filter>
    </ClCompile>
    <ClCompile Include="sources\TitleScene.cpp">
      <Filter>sourses</Filter>
    </ClCompile>
    <ClCompile Include="sources\TestScene.cpp">
      <Filter>ソース ファイル</Filter>
    </ClCompile>
    <ClCompile Include="sources\Main.cpp">
      <Filter>ソース ファイル</Filter>
    </ClCompile>
  </ItemGroup>
  <ItemGroup>
    <None Include="packages.config" />
    <None Include="Assets\data\game_stage.json">
      <Filter>リソース ファイル</Filter>
    </None>
    <None Include="Assets\data\stage_schema.json">
      <Filter>リソース ファイル</Filter>
    </None>
    <None Include="README.md" />
    <None Include="todo.md" />
  </ItemGroup>
</Project>