<?xml version="1.0" encoding="utf-8"?>
<Project ToolsVersion="4.0" xmlns="http://schemas.microsoft.com/developer/msbuild/2003">
  <ItemGroup>
    <Filter Include="ヘッダー ファイル">
      <UniqueIdentifier>{93995380-89BD-4b04-88EB-625FBE52EBFB}</UniqueIdentifier>
      <Extensions>
      </Extensions>
    </Filter>
    <Filter Include="リソース ファイル">
      <UniqueIdentifier>{67DA6AB6-F800-4c08-8B7A-83BB121AAD01}</UniqueIdentifier>
      <Extensions>rc;ico;cur;bmp;dlg;rc2;rct;bin;rgs;gif;jpg;jpeg;jpe;resx;tiff;tif;png;wav;mfcribbon-ms</Extensions>
    </Filter>
    <Filter Include="Engine">
      <UniqueIdentifier>{cf6cf47c-ed60-4307-aa1b-f78a5781b3c0}</UniqueIdentifier>
    </Filter>
    <Filter Include="ソース ファイル">
      <UniqueIdentifier>{4FC737F1-C7A5-4376-A066-2A32D752A2FF}</UniqueIdentifier>
      <Extensions>
      </Extensions>
    </Filter>
    <Filter Include="sourses">
      <UniqueIdentifier>{f3a8b7e4-e764-4611-a526-e584481c409e}</UniqueIdentifier>
    </Filter>
    <Filter Include="sourses\Scene">
      <UniqueIdentifier>{e01435b5-8084-45fa-a0bc-454001084beb}</UniqueIdentifier>
    </Filter>
    <Filter Include="sourses\Scene\Title">
      <UniqueIdentifier>{aa000567-83d3-4640-ac7b-075c2b30206c}</UniqueIdentifier>
    </Filter>
    <Filter Include="sourses\Scene\Play">
      <UniqueIdentifier>{e09d028c-5633-477c-848f-6a7a3310b06c}</UniqueIdentifier>
    </Filter>
    <Filter Include="sourses\Scene\Gameover">
      <UniqueIdentifier>{929a59c7-fdae-48b9-88b7-575621b87876}</UniqueIdentifier>
    </Filter>
    <Filter Include="sourses\Scene\Clear">
      <UniqueIdentifier>{d30c266d-2589-4c7e-9c2e-4555c9edfdaf}</UniqueIdentifier>
    </Filter>
    <Filter Include="sourses\Scene\Play\System">
      <UniqueIdentifier>{5469b25f-a3b4-4d05-ace1-424b078fd1fd}</UniqueIdentifier>
    </Filter>
    <Filter Include="sourses\Scene\Play\Actor">
      <UniqueIdentifier>{f8608364-c666-436f-89c4-3b29c2295c98}</UniqueIdentifier>
    </Filter>
    <Filter Include="sourses\Scene\Play\Actor\Player">
      <UniqueIdentifier>{87cffeae-1ebd-431e-a183-9afebdccf027}</UniqueIdentifier>
    </Filter>
    <Filter Include="sourses\Scene\Play\Actor\Enemy">
      <UniqueIdentifier>{8d9558f3-f28c-4db4-a12e-ca85da8362bf}</UniqueIdentifier>
    </Filter>
    <Filter Include="sourses\Scene\Play\Skills">
      <UniqueIdentifier>{2c2a9380-2f1c-46cd-909f-9a73605880ec}</UniqueIdentifier>
    </Filter>
    <Filter Include="sourses\Scene\Play\UI">
      <UniqueIdentifier>{440bd0f2-f058-4e8f-8b8f-eafadcb80e5a}</UniqueIdentifier>
    </Filter>
    <Filter Include="sourses\Scene\Play\Props">
      <UniqueIdentifier>{95166c62-0892-4f8e-8bad-907df3ba82ce}</UniqueIdentifier>
    </Filter>
    <Filter Include="sourses\Scene\Play\Actor\Enemy\Systems">
      <UniqueIdentifier>{21a798a6-d193-4e89-bb2f-75c93fc5b9b9}</UniqueIdentifier>
    </Filter>
    <Filter Include="sourses\Scene\Play\Actor\Enemy\Categories">
      <UniqueIdentifier>{5f064862-144a-4b53-bddb-c99c831c5bff}</UniqueIdentifier>
    </Filter>
    <Filter Include="sourses\Scene\Play\Actor\Enemy\Categories\Base">
      <UniqueIdentifier>{cb769ac9-c547-42f5-9d54-3b51d63a751b}</UniqueIdentifier>
    </Filter>
    <Filter Include="sourses\Scene\Play\Actor\Enemy\Categories\Decoy">
      <UniqueIdentifier>{ddb6724b-6f7b-4688-9cf1-0ecd069c2193}</UniqueIdentifier>
    </Filter>
    <Filter Include="sourses\Scene\Play\Actor\Enemy\Categories\Soldier">
      <UniqueIdentifier>{637edd50-e4fd-4e3f-9abe-53a68599b7f4}</UniqueIdentifier>
    </Filter>
  </ItemGroup>
  <ItemGroup>
    <ClInclude Include="Engine\Audio.h">
      <Filter>Engine</Filter>
    </ClInclude>
    <ClInclude Include="Engine\BillBoard.h">
      <Filter>Engine</Filter>
    </ClInclude>
    <ClInclude Include="Engine\BoxCollider.h">
      <Filter>Engine</Filter>
    </ClInclude>
    <ClInclude Include="Engine\Camera.h">
      <Filter>Engine</Filter>
    </ClInclude>
    <ClInclude Include="Engine\Collider.h">
      <Filter>Engine</Filter>
    </ClInclude>
    <ClInclude Include="Engine\CsvReader.h">
      <Filter>Engine</Filter>
    </ClInclude>
    <ClInclude Include="Engine\Debug.h">
      <Filter>Engine</Filter>
    </ClInclude>
    <ClInclude Include="Engine\Direct3D.h">
      <Filter>Engine</Filter>
    </ClInclude>
    <ClInclude Include="Engine\Fbx.h">
      <Filter>Engine</Filter>
    </ClInclude>
    <ClInclude Include="Engine\FbxParts.h">
      <Filter>Engine</Filter>
    </ClInclude>
    <ClInclude Include="Engine\GameObject.h">
      <Filter>Engine</Filter>
    </ClInclude>
    <ClInclude Include="Engine\Global.h">
      <Filter>Engine</Filter>
    </ClInclude>
    <ClInclude Include="Engine\Image.h">
      <Filter>Engine</Filter>
    </ClInclude>
    <ClInclude Include="Engine\Input.h">
      <Filter>Engine</Filter>
    </ClInclude>
    <ClInclude Include="Engine\Model.h">
      <Filter>Engine</Filter>
    </ClInclude>
    <ClInclude Include="Engine\RootObject.h">
      <Filter>Engine</Filter>
    </ClInclude>
    <ClInclude Include="Engine\SceneManager.h">
      <Filter>Engine</Filter>
    </ClInclude>
    <ClInclude Include="Engine\SphereCollider.h">
      <Filter>Engine</Filter>
    </ClInclude>
    <ClInclude Include="Engine\Sprite.h">
      <Filter>Engine</Filter>
    </ClInclude>
    <ClInclude Include="Engine\Text.h">
      <Filter>Engine</Filter>
    </ClInclude>
    <ClInclude Include="Engine\Texture.h">
      <Filter>Engine</Filter>
    </ClInclude>
    <ClInclude Include="Engine\Transform.h">
      <Filter>Engine</Filter>
    </ClInclude>
    <ClInclude Include="Engine\VFX.h">
      <Filter>Engine</Filter>
    </ClInclude>
    <ClInclude Include="sources\ActorInfo.h" />
    <ClInclude Include="TestScene.h" />
    <ClInclude Include="sources\GameOverScene.h">
      <Filter>sourses\Scene\Gameover</Filter>
    </ClInclude>
    <ClInclude Include="sources\ClearScene.h">
      <Filter>sourses\Scene\Clear</Filter>
    </ClInclude>
    <ClInclude Include="sources\TitleScene.h">
      <Filter>sourses\Scene\Title</Filter>
    </ClInclude>
    <ClInclude Include="sources\ModeratorSequence.h">
      <Filter>sourses\Scene\Play\System</Filter>
    </ClInclude>
    <ClInclude Include="sources\DamageData.h">
      <Filter>sourses\Scene\Play\System</Filter>
    </ClInclude>
    <ClInclude Include="sources\CollisionManager.h">
      <Filter>sourses\Scene\Play\System</Filter>
    </ClInclude>
    <ClInclude Include="sources\GameActor.h">
      <Filter>sourses\Scene\Play\Actor</Filter>
    </ClInclude>
    <ClInclude Include="sources\ActorCollider.h">
      <Filter>sourses\Scene\Play\Actor</Filter>
    </ClInclude>
    <ClInclude Include="sources\Player.h">
      <Filter>sourses\Scene\Play\Actor\Player</Filter>
    </ClInclude>
    <ClInclude Include="sources\PlayScene.h">
      <Filter>sourses\Scene\Play</Filter>
    </ClInclude>
    <ClInclude Include="sources\testSkill.h">
      <Filter>sourses\Scene\Play\Skills</Filter>
    </ClInclude>
    <ClInclude Include="sources\SkillBase.h">
      <Filter>sourses\Scene\Play\Skills</Filter>
    </ClInclude>
    <ClInclude Include="sources\PlayerSkillsInclude.h">
      <Filter>sourses\Scene\Play\Skills</Filter>
    </ClInclude>
    <ClInclude Include="sources\AttackRange.h">
      <Filter>sourses\Scene\Play\System</Filter>
    </ClInclude>
    <ClInclude Include="sources\HPBar.h">
      <Filter>sourses\Scene\Play\UI</Filter>
    </ClInclude>
    <ClInclude Include="sources\areamodels.h">
      <Filter>sourses\Scene\Play\System</Filter>
    </ClInclude>
    <ClInclude Include="sources\Ground.h">
      <Filter>sourses\Scene\Play\Props</Filter>
    </ClInclude>
    <ClInclude Include="sources\ChargeSkill.h">
      <Filter>sourses\Scene\Play\Skills</Filter>
    </ClInclude>
    <ClInclude Include="sources\PlayerInterface.h">
      <Filter>sourses\Scene\Play\UI</Filter>
    </ClInclude>
    <ClInclude Include="sources\EnemyManager.h">
      <Filter>sourses\Scene\Play\Actor\Enemy\Systems</Filter>
    </ClInclude>
    <ClInclude Include="sources\EnemyType.h">
      <Filter>sourses\Scene\Play\Actor\Enemy\Systems</Filter>
    </ClInclude>
    <ClInclude Include="sources\EnemySpawner.h">
      <Filter>sourses\Scene\Play\Actor\Enemy\Systems</Filter>
    </ClInclude>
    <ClInclude Include="sources\EnemyBase.h">
      <Filter>sourses\Scene\Play\Actor\Enemy\Categories\Base</Filter>
    </ClInclude>
    <ClInclude Include="sources\Decoy.h">
      <Filter>sourses\Scene\Play\Actor\Enemy\Categories\Decoy</Filter>
    </ClInclude>
    <ClInclude Include="sources\SoldierEnemy.h">
      <Filter>sourses\Scene\Play\Actor\Enemy\Categories\Soldier</Filter>
    </ClInclude>
    <ClInclude Include="sources\MediatorBase.h">
      <Filter>sourses\Scene\Play\Actor\Enemy\Categories\Base</Filter>
    </ClInclude>
    <ClInclude Include="sources\MovementStateBase.h">
      <Filter>sourses\Scene\Play\Actor\Enemy\Categories\Base</Filter>
    </ClInclude>
    <ClInclude Include="sources\MediatorFactory.h">
      <Filter>sourses\Scene\Play\Actor\Enemy\Systems</Filter>
    </ClInclude>
    <ClInclude Include="sources\MediatorFactoryRegistry.h">
      <Filter>sourses\Scene\Play\Actor\Enemy\Systems</Filter>
    </ClInclude>
    <ClInclude Include="sources\RegistrationFactory.h">
      <Filter>sourses\Scene\Play\Actor\Enemy\Systems</Filter>
    </ClInclude>
    <ClInclude Include="sources\IdleState.h">
      <Filter>sourses\Scene\Play\Actor\Enemy\Categories\Base</Filter>
    </ClInclude>
    <ClInclude Include="sources\DecoyMediator.h">
      <Filter>sourses\Scene\Play\Actor\Enemy\Categories\Decoy</Filter>
    </ClInclude>
    <ClInclude Include="sources\SoldierMediator.h">
      <Filter>sourses\Scene\Play\Actor\Enemy\Categories\Soldier</Filter>
    </ClInclude>
    <ClInclude Include="sources\SoldierStates.h">
      <Filter>sourses\Scene\Play\Actor\Enemy\Categories\Soldier</Filter>
    </ClInclude>
    <ClInclude Include="Engine\Ease.h">
      <Filter>Engine</Filter>
    </ClInclude>
    <ClInclude Include="sources\IMovable.h">
      <Filter>sourses\Scene\Play\Actor</Filter>
    </ClInclude>
    <ClInclude Include="Engine\TimeScaleManager.h">
      <Filter>sourses\Scene\Play\System</Filter>
    </ClInclude>
  </ItemGroup>
  <ItemGroup>
    <ClCompile Include="Engine\Audio.cpp">
      <Filter>Engine</Filter>
    </ClCompile>
    <ClCompile Include="Engine\BillBoard.cpp">
      <Filter>Engine</Filter>
    </ClCompile>
    <ClCompile Include="Engine\BoxCollider.cpp">
      <Filter>Engine</Filter>
    </ClCompile>
    <ClCompile Include="Engine\Camera.cpp">
      <Filter>Engine</Filter>
    </ClCompile>
    <ClCompile Include="Engine\Collider.cpp">
      <Filter>Engine</Filter>
    </ClCompile>
    <ClCompile Include="Engine\CsvReader.cpp">
      <Filter>Engine</Filter>
    </ClCompile>
    <ClCompile Include="Engine\Debug.cpp">
      <Filter>Engine</Filter>
    </ClCompile>
    <ClCompile Include="Engine\Direct3D.cpp">
      <Filter>Engine</Filter>
    </ClCompile>
    <ClCompile Include="Engine\Fbx.cpp">
      <Filter>Engine</Filter>
    </ClCompile>
    <ClCompile Include="Engine\FbxParts.cpp">
      <Filter>Engine</Filter>
    </ClCompile>
    <ClCompile Include="Engine\GameObject.cpp">
      <Filter>Engine</Filter>
    </ClCompile>
    <ClCompile Include="Engine\Image.cpp">
      <Filter>Engine</Filter>
    </ClCompile>
    <ClCompile Include="Engine\Input.cpp">
      <Filter>Engine</Filter>
    </ClCompile>
    <ClCompile Include="Engine\Model.cpp">
      <Filter>Engine</Filter>
    </ClCompile>
    <ClCompile Include="Engine\RootObject.cpp">
      <Filter>Engine</Filter>
    </ClCompile>
    <ClCompile Include="Engine\SceneManager.cpp">
      <Filter>Engine</Filter>
    </ClCompile>
    <ClCompile Include="Engine\SphereCollider.cpp">
      <Filter>Engine</Filter>
    </ClCompile>
    <ClCompile Include="Engine\Sprite.cpp">
      <Filter>Engine</Filter>
    </ClCompile>
    <ClCompile Include="Engine\Text.cpp">
      <Filter>Engine</Filter>
    </ClCompile>
    <ClCompile Include="Engine\Texture.cpp">
      <Filter>Engine</Filter>
    </ClCompile>
    <ClCompile Include="Engine\Transform.cpp">
      <Filter>Engine</Filter>
    </ClCompile>
    <ClCompile Include="Engine\VFX.cpp">
      <Filter>Engine</Filter>
    </ClCompile>
    <ClCompile Include="Engine\Main.cpp" />
    <ClCompile Include="TestScene.cpp" />
    <ClCompile Include="sources\GameOverScene.cpp">
      <Filter>sourses\Scene\Gameover</Filter>
    </ClCompile>
    <ClCompile Include="sources\ClearScene.cpp">
      <Filter>sourses\Scene\Clear</Filter>
    </ClCompile>
    <ClCompile Include="sources\TitleScene.cpp">
      <Filter>sourses\Scene\Title</Filter>
    </ClCompile>
    <ClCompile Include="sources\ModeratorSequence.cpp">
      <Filter>sourses\Scene\Play\System</Filter>
    </ClCompile>
    <ClCompile Include="sources\CollisionManager.cpp">
      <Filter>sourses\Scene\Play\System</Filter>
    </ClCompile>
    <ClCompile Include="sources\GameActor.cpp">
      <Filter>sourses\Scene\Play\Actor</Filter>
    </ClCompile>
    <ClCompile Include="sources\ActorInfo.cpp">
      <Filter>sourses\Scene\Play\Actor</Filter>
    </ClCompile>
    <ClCompile Include="sources\ActorCollider.cpp">
      <Filter>sourses\Scene\Play\Actor</Filter>
    </ClCompile>
    <ClCompile Include="sources\Player.cpp">
      <Filter>sourses\Scene\Play\Actor\Player</Filter>
    </ClCompile>
    <ClCompile Include="sources\PlayScene.cpp">
      <Filter>sourses\Scene\Play</Filter>
    </ClCompile>
    <ClCompile Include="sources\testSkill.cpp">
      <Filter>sourses\Scene\Play\Skills</Filter>
    </ClCompile>
    <ClCompile Include="sources\SkillBase.cpp">
      <Filter>sourses\Scene\Play\Skills</Filter>
    </ClCompile>
    <ClCompile Include="sources\AttackRange.cpp">
      <Filter>sourses\Scene\Play\System</Filter>
    </ClCompile>
    <ClCompile Include="sources\HPBar.cpp">
      <Filter>sourses\Scene\Play\UI</Filter>
    </ClCompile>
    <ClCompile Include="sources\areamodels.cpp">
      <Filter>sourses\Scene\Play\System</Filter>
    </ClCompile>
    <ClCompile Include="sources\Ground.cpp">
      <Filter>sourses\Scene\Play\Props</Filter>
    </ClCompile>
    <ClCompile Include="sources\ChargeSkill.cpp">
      <Filter>sourses\Scene\Play\Skills</Filter>
    </ClCompile>
    <ClCompile Include="sources\PlayerInterface.cpp">
      <Filter>sourses\Scene\Play\UI</Filter>
    </ClCompile>
    <ClCompile Include="sources\EnemyManager.cpp">
      <Filter>sourses\Scene\Play\Actor\Enemy\Systems</Filter>
    </ClCompile>
    <ClCompile Include="sources\EnemySpawner.cpp">
      <Filter>sourses\Scene\Play\Actor\Enemy\Systems</Filter>
    </ClCompile>
    <ClCompile Include="sources\EnemyBase.cpp">
      <Filter>sourses\Scene\Play\Actor\Enemy\Categories\Base</Filter>
    </ClCompile>
    <ClCompile Include="sources\Decoy.cpp">
      <Filter>sourses\Scene\Play\Actor\Enemy\Categories\Decoy</Filter>
    </ClCompile>
    <ClCompile Include="sources\SoldierEnemy.cpp">
      <Filter>sourses\Scene\Play\Actor\Enemy\Categories\Soldier</Filter>
    </ClCompile>
    <ClCompile Include="sources\MediatorBase.cpp">
      <Filter>sourses\Scene\Play\Actor\Enemy\Categories\Base</Filter>
    </ClCompile>
    <ClCompile Include="sources\MovementStateBase.cpp">
      <Filter>sourses\Scene\Play\Actor\Enemy\Categories\Base</Filter>
    </ClCompile>
    <ClCompile Include="sources\MediatorFactory.cpp">
      <Filter>sourses\Scene\Play\Actor\Enemy\Systems</Filter>
    </ClCompile>
    <ClCompile Include="sources\MediatorFactoryRegistry.cpp">
      <Filter>sourses\Scene\Play\Actor\Enemy\Systems</Filter>
    </ClCompile>
    <ClCompile Include="sources\RegistrationFactory.cpp">
      <Filter>sourses\Scene\Play\Actor\Enemy\Systems</Filter>
    </ClCompile>
    <ClCompile Include="sources\IdleState.cpp">
      <Filter>sourses\Scene\Play\Actor\Enemy\Categories\Base</Filter>
    </ClCompile>
    <ClCompile Include="sources\DecoyMediator.cpp">
      <Filter>sourses\Scene\Play\Actor\Enemy\Categories\Decoy</Filter>
    </ClCompile>
    <ClCompile Include="sources\SoldierMediator.cpp">
      <Filter>sourses\Scene\Play\Actor\Enemy\Categories\Soldier</Filter>
    </ClCompile>
    <ClCompile Include="sources\SoldierStates.cpp">
      <Filter>sourses\Scene\Play\Actor\Enemy\Categories\Soldier</Filter>
    </ClCompile>
    <ClCompile Include="Engine\Ease.cpp">
      <Filter>Engine</Filter>
    </ClCompile>
    <ClCompile Include="sources\IMovable.cpp">
      <Filter>sourses\Scene\Play\Actor</Filter>
    </ClCompile>
    <ClCompile Include="Engine\TimeScaleManager.cpp">
      <Filter>sourses\Scene\Play\System</Filter>
    </ClCompile>
  </ItemGroup>
  <ItemGroup>
    <None Include="packages.config" />
    <None Include="Assets\data\game_stage.json">
      <Filter>リソース ファイル</Filter>
    </None>
    <None Include="Assets\data\stage_schema.json">
      <Filter>リソース ファイル</Filter>
    </None>
    <None Include="README.md" />
    <None Include="todo.md" />
    <None Include="Assets\data\enemy_schema.json">
      <Filter>リソース ファイル</Filter>
    </None>
    <None Include="Assets\data\enemy_status.json">
      <Filter>リソース ファイル</Filter>
    </None>
  </ItemGroup>
  <ItemGroup>
    <Image Include="Assets\Interface\gaugeBack.png">
      <Filter>リソース ファイル</Filter>
    </Image>
    <Image Include="Assets\Interface\gaugeBar.png">
      <Filter>リソース ファイル</Filter>
    </Image>
    <Image Include="Assets\Interface\gaugeDamaged.png">
      <Filter>リソース ファイル</Filter>
    </Image>
    <Image Include="Assets\Interface\gaugeFrame.png">
      <Filter>リソース ファイル</Filter>
    </Image>
  </ItemGroup>
</Project>